
Microsoft Visual Studio Solution File, Format Version 12.00
# Visual Studio Version 16
VisualStudioVersion = 16.0.31424.327
MinimumVisualStudioVersion = 10.0.40219.1
Project("{D954291E-2A0B-460D-934E-DC6B0785DB48}") = "LapsRemote.Shared", "LapsRemote\LapsRemote.Shared\LapsRemote.Shared.shproj", "{6279C845-92F8-4333-AB99-3D213163593C}"
EndProject
Project("{2150E333-8FDC-42A3-9474-1A3956D46DE8}") = "Platforms", "Platforms", "{0ADD213B-C7D5-4C16-9774-63F15F944EC5}"
EndProject
Project("{FAE04EC0-301F-11D3-BF4B-00C04F79EFBC}") = "LapsRemote.UWP", "LapsRemote\LapsRemote.UWP\LapsRemote.UWP.csproj", "{2B95E096-25F5-4766-961C-A72F4906A7A5}"
EndProject
Project("{FAE04EC0-301F-11D3-BF4B-00C04F79EFBC}") = "LapsRemote.Wasm", "LapsRemote\LapsRemote.Wasm\LapsRemote.Wasm.csproj", "{4D1C7929-C222-421D-8552-4D8E3E57BF1C}"
EndProject
Project("{FAE04EC0-301F-11D3-BF4B-00C04F79EFBC}") = "LapsRemote.macOS", "LapsRemote\LapsRemote.macOS\LapsRemote.macOS.csproj", "{C90F0943-A772-4E9D-A94E-E25A5062F18B}"
EndProject
Project("{FAE04EC0-301F-11D3-BF4B-00C04F79EFBC}") = "LapsRemote.Skia.Wpf.Host", "LapsRemote\LapsRemote.Skia.Wpf.Host\LapsRemote.Skia.Wpf.Host.csproj", "{1EB42811-A5C0-41FE-BA10-1FCAFF6ECC71}"
EndProject
Project("{FAE04EC0-301F-11D3-BF4B-00C04F79EFBC}") = "LapsRemote.Skia.Wpf", "LapsRemote\LapsRemote.Skia.Wpf\LapsRemote.Skia.Wpf.csproj", "{89F85FAB-B522-4FAA-8076-82277B081045}"
EndProject
Project("{FAE04EC0-301F-11D3-BF4B-00C04F79EFBC}") = "LapsRemote.Skia.Gtk", "LapsRemote\LapsRemote.Skia.Gtk\LapsRemote.Skia.Gtk.csproj", "{C95E784C-FC91-4DA0-B567-8ADE803BC62A}"
EndProject
Global
	GlobalSection(SharedMSBuildProjectFiles) = preSolution
		LapsRemote\LapsRemote.Shared\LapsRemote.Shared.projitems*{2b95e096-25f5-4766-961c-a72f4906a7a5}*SharedItemsImports = 4
		LapsRemote\LapsRemote.Shared\LapsRemote.Shared.projitems*{4d1c7929-c222-421d-8552-4d8e3e57bf1c}*SharedItemsImports = 5
		LapsRemote\LapsRemote.Shared\LapsRemote.Shared.projitems*{6279c845-92f8-4333-ab99-3d213163593c}*SharedItemsImports = 13
		LapsRemote\LapsRemote.Shared\LapsRemote.Shared.projitems*{89f85fab-b522-4faa-8076-82277b081045}*SharedItemsImports = 5
		LapsRemote\LapsRemote.Shared\LapsRemote.Shared.projitems*{c90f0943-a772-4e9d-a94e-e25a5062f18b}*SharedItemsImports = 4
		LapsRemote\LapsRemote.Shared\LapsRemote.Shared.projitems*{c95e784c-fc91-4da0-b567-8ade803bc62a}*SharedItemsImports = 5
	EndGlobalSection
	GlobalSection(SolutionConfigurationPlatforms) = preSolution
		Ad-Hoc|Any CPU = Ad-Hoc|Any CPU
		Ad-Hoc|ARM = Ad-Hoc|ARM
		Ad-Hoc|ARM64 = Ad-Hoc|ARM64
		Ad-Hoc|iPhone = Ad-Hoc|iPhone
		Ad-Hoc|iPhoneSimulator = Ad-Hoc|iPhoneSimulator
		Ad-Hoc|x64 = Ad-Hoc|x64
		Ad-Hoc|x86 = Ad-Hoc|x86
		AppStore|Any CPU = AppStore|Any CPU
		AppStore|ARM = AppStore|ARM
		AppStore|ARM64 = AppStore|ARM64
		AppStore|iPhone = AppStore|iPhone
		AppStore|iPhoneSimulator = AppStore|iPhoneSimulator
		AppStore|x64 = AppStore|x64
		AppStore|x86 = AppStore|x86
		Debug|Any CPU = Debug|Any CPU
		Debug|ARM = Debug|ARM
		Debug|ARM64 = Debug|ARM64
		Debug|iPhone = Debug|iPhone
		Debug|iPhoneSimulator = Debug|iPhoneSimulator
		Debug|x64 = Debug|x64
		Debug|x86 = Debug|x86
		Release|Any CPU = Release|Any CPU
		Release|ARM = Release|ARM
		Release|ARM64 = Release|ARM64
		Release|iPhone = Release|iPhone
		Release|iPhoneSimulator = Release|iPhoneSimulator
		Release|x64 = Release|x64
		Release|x86 = Release|x86
	EndGlobalSection
	GlobalSection(ProjectConfigurationPlatforms) = postSolution
		{2B95E096-25F5-4766-961C-A72F4906A7A5}.Ad-Hoc|Any CPU.ActiveCfg = Debug|x86
		{2B95E096-25F5-4766-961C-A72F4906A7A5}.Ad-Hoc|Any CPU.Build.0 = Debug|x86
		{2B95E096-25F5-4766-961C-A72F4906A7A5}.Ad-Hoc|Any CPU.Deploy.0 = Debug|x86
		{2B95E096-25F5-4766-961C-A72F4906A7A5}.Ad-Hoc|ARM.ActiveCfg = Debug|ARM
		{2B95E096-25F5-4766-961C-A72F4906A7A5}.Ad-Hoc|ARM.Build.0 = Debug|ARM
		{2B95E096-25F5-4766-961C-A72F4906A7A5}.Ad-Hoc|ARM.Deploy.0 = Debug|ARM
		{2B95E096-25F5-4766-961C-A72F4906A7A5}.Ad-Hoc|ARM64.ActiveCfg = Debug|ARM64
		{2B95E096-25F5-4766-961C-A72F4906A7A5}.Ad-Hoc|ARM64.Build.0 = Debug|ARM64
		{2B95E096-25F5-4766-961C-A72F4906A7A5}.Ad-Hoc|ARM64.Deploy.0 = Debug|ARM64
		{2B95E096-25F5-4766-961C-A72F4906A7A5}.Ad-Hoc|iPhone.ActiveCfg = Debug|x86
		{2B95E096-25F5-4766-961C-A72F4906A7A5}.Ad-Hoc|iPhone.Build.0 = Debug|x86
		{2B95E096-25F5-4766-961C-A72F4906A7A5}.Ad-Hoc|iPhone.Deploy.0 = Debug|x86
		{2B95E096-25F5-4766-961C-A72F4906A7A5}.Ad-Hoc|iPhoneSimulator.ActiveCfg = Debug|x86
		{2B95E096-25F5-4766-961C-A72F4906A7A5}.Ad-Hoc|iPhoneSimulator.Build.0 = Debug|x86
		{2B95E096-25F5-4766-961C-A72F4906A7A5}.Ad-Hoc|iPhoneSimulator.Deploy.0 = Debug|x86
		{2B95E096-25F5-4766-961C-A72F4906A7A5}.Ad-Hoc|x64.ActiveCfg = Debug|x64
		{2B95E096-25F5-4766-961C-A72F4906A7A5}.Ad-Hoc|x64.Build.0 = Debug|x64
		{2B95E096-25F5-4766-961C-A72F4906A7A5}.Ad-Hoc|x64.Deploy.0 = Debug|x64
		{2B95E096-25F5-4766-961C-A72F4906A7A5}.Ad-Hoc|x86.ActiveCfg = Debug|x86
		{2B95E096-25F5-4766-961C-A72F4906A7A5}.Ad-Hoc|x86.Build.0 = Debug|x86
		{2B95E096-25F5-4766-961C-A72F4906A7A5}.Ad-Hoc|x86.Deploy.0 = Debug|x86
		{2B95E096-25F5-4766-961C-A72F4906A7A5}.AppStore|Any CPU.ActiveCfg = Debug|x86
		{2B95E096-25F5-4766-961C-A72F4906A7A5}.AppStore|Any CPU.Build.0 = Debug|x86
		{2B95E096-25F5-4766-961C-A72F4906A7A5}.AppStore|Any CPU.Deploy.0 = Debug|x86
		{2B95E096-25F5-4766-961C-A72F4906A7A5}.AppStore|ARM.ActiveCfg = Debug|ARM
		{2B95E096-25F5-4766-961C-A72F4906A7A5}.AppStore|ARM.Build.0 = Debug|ARM
		{2B95E096-25F5-4766-961C-A72F4906A7A5}.AppStore|ARM.Deploy.0 = Debug|ARM
		{2B95E096-25F5-4766-961C-A72F4906A7A5}.AppStore|ARM64.ActiveCfg = Debug|ARM64
		{2B95E096-25F5-4766-961C-A72F4906A7A5}.AppStore|ARM64.Build.0 = Debug|ARM64
		{2B95E096-25F5-4766-961C-A72F4906A7A5}.AppStore|ARM64.Deploy.0 = Debug|ARM64
		{2B95E096-25F5-4766-961C-A72F4906A7A5}.AppStore|iPhone.ActiveCfg = Debug|x86
		{2B95E096-25F5-4766-961C-A72F4906A7A5}.AppStore|iPhone.Build.0 = Debug|x86
		{2B95E096-25F5-4766-961C-A72F4906A7A5}.AppStore|iPhone.Deploy.0 = Debug|x86
		{2B95E096-25F5-4766-961C-A72F4906A7A5}.AppStore|iPhoneSimulator.ActiveCfg = Debug|x86
		{2B95E096-25F5-4766-961C-A72F4906A7A5}.AppStore|iPhoneSimulator.Build.0 = Debug|x86
		{2B95E096-25F5-4766-961C-A72F4906A7A5}.AppStore|iPhoneSimulator.Deploy.0 = Debug|x86
		{2B95E096-25F5-4766-961C-A72F4906A7A5}.AppStore|x64.ActiveCfg = Debug|x64
		{2B95E096-25F5-4766-961C-A72F4906A7A5}.AppStore|x64.Build.0 = Debug|x64
		{2B95E096-25F5-4766-961C-A72F4906A7A5}.AppStore|x64.Deploy.0 = Debug|x64
		{2B95E096-25F5-4766-961C-A72F4906A7A5}.AppStore|x86.ActiveCfg = Debug|x86
		{2B95E096-25F5-4766-961C-A72F4906A7A5}.AppStore|x86.Build.0 = Debug|x86
		{2B95E096-25F5-4766-961C-A72F4906A7A5}.AppStore|x86.Deploy.0 = Debug|x86
		{2B95E096-25F5-4766-961C-A72F4906A7A5}.Debug|Any CPU.ActiveCfg = Debug|x86
		{2B95E096-25F5-4766-961C-A72F4906A7A5}.Debug|Any CPU.Build.0 = Debug|x86
		{2B95E096-25F5-4766-961C-A72F4906A7A5}.Debug|Any CPU.Deploy.0 = Debug|x86
		{2B95E096-25F5-4766-961C-A72F4906A7A5}.Debug|ARM.ActiveCfg = Debug|ARM
		{2B95E096-25F5-4766-961C-A72F4906A7A5}.Debug|ARM.Build.0 = Debug|ARM
		{2B95E096-25F5-4766-961C-A72F4906A7A5}.Debug|ARM.Deploy.0 = Debug|ARM
		{2B95E096-25F5-4766-961C-A72F4906A7A5}.Debug|ARM64.ActiveCfg = Debug|ARM64
		{2B95E096-25F5-4766-961C-A72F4906A7A5}.Debug|ARM64.Build.0 = Debug|ARM64
		{2B95E096-25F5-4766-961C-A72F4906A7A5}.Debug|ARM64.Deploy.0 = Debug|ARM64
		{2B95E096-25F5-4766-961C-A72F4906A7A5}.Debug|iPhone.ActiveCfg = Debug|x86
		{2B95E096-25F5-4766-961C-A72F4906A7A5}.Debug|iPhoneSimulator.ActiveCfg = Debug|x86
		{2B95E096-25F5-4766-961C-A72F4906A7A5}.Debug|x64.ActiveCfg = Debug|x64
		{2B95E096-25F5-4766-961C-A72F4906A7A5}.Debug|x64.Build.0 = Debug|x64
		{2B95E096-25F5-4766-961C-A72F4906A7A5}.Debug|x64.Deploy.0 = Debug|x64
		{2B95E096-25F5-4766-961C-A72F4906A7A5}.Debug|x86.ActiveCfg = Debug|x86
		{2B95E096-25F5-4766-961C-A72F4906A7A5}.Debug|x86.Build.0 = Debug|x86
		{2B95E096-25F5-4766-961C-A72F4906A7A5}.Debug|x86.Deploy.0 = Debug|x86
		{2B95E096-25F5-4766-961C-A72F4906A7A5}.Release|Any CPU.ActiveCfg = Release|x86
		{2B95E096-25F5-4766-961C-A72F4906A7A5}.Release|ARM.ActiveCfg = Release|ARM
		{2B95E096-25F5-4766-961C-A72F4906A7A5}.Release|ARM.Build.0 = Release|ARM
		{2B95E096-25F5-4766-961C-A72F4906A7A5}.Release|ARM.Deploy.0 = Release|ARM
		{2B95E096-25F5-4766-961C-A72F4906A7A5}.Release|ARM64.ActiveCfg = Release|ARM64
		{2B95E096-25F5-4766-961C-A72F4906A7A5}.Release|ARM64.Build.0 = Release|ARM64
		{2B95E096-25F5-4766-961C-A72F4906A7A5}.Release|ARM64.Deploy.0 = Release|ARM64
		{2B95E096-25F5-4766-961C-A72F4906A7A5}.Release|iPhone.ActiveCfg = Release|x86
		{2B95E096-25F5-4766-961C-A72F4906A7A5}.Release|iPhoneSimulator.ActiveCfg = Release|x86
		{2B95E096-25F5-4766-961C-A72F4906A7A5}.Release|x64.ActiveCfg = Release|x64
		{2B95E096-25F5-4766-961C-A72F4906A7A5}.Release|x64.Build.0 = Release|x64
		{2B95E096-25F5-4766-961C-A72F4906A7A5}.Release|x64.Deploy.0 = Release|x64
		{2B95E096-25F5-4766-961C-A72F4906A7A5}.Release|x86.ActiveCfg = Release|x86
		{2B95E096-25F5-4766-961C-A72F4906A7A5}.Release|x86.Build.0 = Release|x86
		{2B95E096-25F5-4766-961C-A72F4906A7A5}.Release|x86.Deploy.0 = Release|x86
		{4D1C7929-C222-421D-8552-4D8E3E57BF1C}.Ad-Hoc|Any CPU.ActiveCfg = Debug|Any CPU
		{4D1C7929-C222-421D-8552-4D8E3E57BF1C}.Ad-Hoc|Any CPU.Build.0 = Debug|Any CPU
		{4D1C7929-C222-421D-8552-4D8E3E57BF1C}.Ad-Hoc|ARM.ActiveCfg = Debug|Any CPU
		{4D1C7929-C222-421D-8552-4D8E3E57BF1C}.Ad-Hoc|ARM.Build.0 = Debug|Any CPU
		{4D1C7929-C222-421D-8552-4D8E3E57BF1C}.Ad-Hoc|ARM64.ActiveCfg = Debug|Any CPU
		{4D1C7929-C222-421D-8552-4D8E3E57BF1C}.Ad-Hoc|ARM64.Build.0 = Debug|Any CPU
		{4D1C7929-C222-421D-8552-4D8E3E57BF1C}.Ad-Hoc|iPhone.ActiveCfg = Debug|Any CPU
		{4D1C7929-C222-421D-8552-4D8E3E57BF1C}.Ad-Hoc|iPhone.Build.0 = Debug|Any CPU
		{4D1C7929-C222-421D-8552-4D8E3E57BF1C}.Ad-Hoc|iPhoneSimulator.ActiveCfg = Debug|Any CPU
		{4D1C7929-C222-421D-8552-4D8E3E57BF1C}.Ad-Hoc|iPhoneSimulator.Build.0 = Debug|Any CPU
		{4D1C7929-C222-421D-8552-4D8E3E57BF1C}.Ad-Hoc|x64.ActiveCfg = Debug|Any CPU
		{4D1C7929-C222-421D-8552-4D8E3E57BF1C}.Ad-Hoc|x64.Build.0 = Debug|Any CPU
		{4D1C7929-C222-421D-8552-4D8E3E57BF1C}.Ad-Hoc|x86.ActiveCfg = Debug|Any CPU
		{4D1C7929-C222-421D-8552-4D8E3E57BF1C}.Ad-Hoc|x86.Build.0 = Debug|Any CPU
		{4D1C7929-C222-421D-8552-4D8E3E57BF1C}.AppStore|Any CPU.ActiveCfg = Debug|Any CPU
		{4D1C7929-C222-421D-8552-4D8E3E57BF1C}.AppStore|Any CPU.Build.0 = Debug|Any CPU
		{4D1C7929-C222-421D-8552-4D8E3E57BF1C}.AppStore|ARM.ActiveCfg = Debug|Any CPU
		{4D1C7929-C222-421D-8552-4D8E3E57BF1C}.AppStore|ARM.Build.0 = Debug|Any CPU
		{4D1C7929-C222-421D-8552-4D8E3E57BF1C}.AppStore|ARM64.ActiveCfg = Debug|Any CPU
		{4D1C7929-C222-421D-8552-4D8E3E57BF1C}.AppStore|ARM64.Build.0 = Debug|Any CPU
		{4D1C7929-C222-421D-8552-4D8E3E57BF1C}.AppStore|iPhone.ActiveCfg = Debug|Any CPU
		{4D1C7929-C222-421D-8552-4D8E3E57BF1C}.AppStore|iPhone.Build.0 = Debug|Any CPU
		{4D1C7929-C222-421D-8552-4D8E3E57BF1C}.AppStore|iPhoneSimulator.ActiveCfg = Debug|Any CPU
		{4D1C7929-C222-421D-8552-4D8E3E57BF1C}.AppStore|iPhoneSimulator.Build.0 = Debug|Any CPU
		{4D1C7929-C222-421D-8552-4D8E3E57BF1C}.AppStore|x64.ActiveCfg = Debug|Any CPU
		{4D1C7929-C222-421D-8552-4D8E3E57BF1C}.AppStore|x64.Build.0 = Debug|Any CPU
		{4D1C7929-C222-421D-8552-4D8E3E57BF1C}.AppStore|x86.ActiveCfg = Debug|Any CPU
		{4D1C7929-C222-421D-8552-4D8E3E57BF1C}.AppStore|x86.Build.0 = Debug|Any CPU
		{4D1C7929-C222-421D-8552-4D8E3E57BF1C}.Debug|Any CPU.ActiveCfg = Debug|Any CPU
		{4D1C7929-C222-421D-8552-4D8E3E57BF1C}.Debug|Any CPU.Build.0 = Debug|Any CPU
		{4D1C7929-C222-421D-8552-4D8E3E57BF1C}.Debug|ARM.ActiveCfg = Debug|Any CPU
		{4D1C7929-C222-421D-8552-4D8E3E57BF1C}.Debug|ARM.Build.0 = Debug|Any CPU
		{4D1C7929-C222-421D-8552-4D8E3E57BF1C}.Debug|ARM64.ActiveCfg = Debug|Any CPU
		{4D1C7929-C222-421D-8552-4D8E3E57BF1C}.Debug|ARM64.Build.0 = Debug|Any CPU
		{4D1C7929-C222-421D-8552-4D8E3E57BF1C}.Debug|iPhone.ActiveCfg = Debug|Any CPU
		{4D1C7929-C222-421D-8552-4D8E3E57BF1C}.Debug|iPhone.Build.0 = Debug|Any CPU
		{4D1C7929-C222-421D-8552-4D8E3E57BF1C}.Debug|iPhoneSimulator.ActiveCfg = Debug|Any CPU
		{4D1C7929-C222-421D-8552-4D8E3E57BF1C}.Debug|iPhoneSimulator.Build.0 = Debug|Any CPU
		{4D1C7929-C222-421D-8552-4D8E3E57BF1C}.Debug|x64.ActiveCfg = Debug|Any CPU
		{4D1C7929-C222-421D-8552-4D8E3E57BF1C}.Debug|x64.Build.0 = Debug|Any CPU
		{4D1C7929-C222-421D-8552-4D8E3E57BF1C}.Debug|x86.ActiveCfg = Debug|Any CPU
		{4D1C7929-C222-421D-8552-4D8E3E57BF1C}.Debug|x86.Build.0 = Debug|Any CPU
		{4D1C7929-C222-421D-8552-4D8E3E57BF1C}.Release|Any CPU.ActiveCfg = Release|Any CPU
		{4D1C7929-C222-421D-8552-4D8E3E57BF1C}.Release|Any CPU.Build.0 = Release|Any CPU
		{4D1C7929-C222-421D-8552-4D8E3E57BF1C}.Release|ARM.ActiveCfg = Release|Any CPU
		{4D1C7929-C222-421D-8552-4D8E3E57BF1C}.Release|ARM.Build.0 = Release|Any CPU
		{4D1C7929-C222-421D-8552-4D8E3E57BF1C}.Release|ARM64.ActiveCfg = Release|Any CPU
		{4D1C7929-C222-421D-8552-4D8E3E57BF1C}.Release|ARM64.Build.0 = Release|Any CPU
		{4D1C7929-C222-421D-8552-4D8E3E57BF1C}.Release|iPhone.ActiveCfg = Release|Any CPU
		{4D1C7929-C222-421D-8552-4D8E3E57BF1C}.Release|iPhone.Build.0 = Release|Any CPU
		{4D1C7929-C222-421D-8552-4D8E3E57BF1C}.Release|iPhoneSimulator.ActiveCfg = Release|Any CPU
		{4D1C7929-C222-421D-8552-4D8E3E57BF1C}.Release|iPhoneSimulator.Build.0 = Release|Any CPU
		{4D1C7929-C222-421D-8552-4D8E3E57BF1C}.Release|x64.ActiveCfg = Release|Any CPU
		{4D1C7929-C222-421D-8552-4D8E3E57BF1C}.Release|x64.Build.0 = Release|Any CPU
		{4D1C7929-C222-421D-8552-4D8E3E57BF1C}.Release|x86.ActiveCfg = Release|Any CPU
		{4D1C7929-C222-421D-8552-4D8E3E57BF1C}.Release|x86.Build.0 = Release|Any CPU
		{C90F0943-A772-4E9D-A94E-E25A5062F18B}.Ad-Hoc|Any CPU.ActiveCfg = Debug|iPhoneSimulator
		{C90F0943-A772-4E9D-A94E-E25A5062F18B}.Ad-Hoc|Any CPU.Build.0 = Debug|iPhoneSimulator
		{C90F0943-A772-4E9D-A94E-E25A5062F18B}.Ad-Hoc|ARM.ActiveCfg = Debug|iPhoneSimulator
		{C90F0943-A772-4E9D-A94E-E25A5062F18B}.Ad-Hoc|ARM.Build.0 = Debug|iPhoneSimulator
		{C90F0943-A772-4E9D-A94E-E25A5062F18B}.Ad-Hoc|ARM64.ActiveCfg = Debug|iPhoneSimulator
		{C90F0943-A772-4E9D-A94E-E25A5062F18B}.Ad-Hoc|ARM64.Build.0 = Debug|iPhoneSimulator
		{C90F0943-A772-4E9D-A94E-E25A5062F18B}.Ad-Hoc|iPhone.ActiveCfg = Debug|iPhoneSimulator
		{C90F0943-A772-4E9D-A94E-E25A5062F18B}.Ad-Hoc|iPhone.Build.0 = Debug|iPhoneSimulator
		{C90F0943-A772-4E9D-A94E-E25A5062F18B}.Ad-Hoc|iPhoneSimulator.ActiveCfg = Debug|iPhoneSimulator
		{C90F0943-A772-4E9D-A94E-E25A5062F18B}.Ad-Hoc|iPhoneSimulator.Build.0 = Debug|iPhoneSimulator
		{C90F0943-A772-4E9D-A94E-E25A5062F18B}.Ad-Hoc|x64.ActiveCfg = Debug|iPhoneSimulator
		{C90F0943-A772-4E9D-A94E-E25A5062F18B}.Ad-Hoc|x64.Build.0 = Debug|iPhoneSimulator
		{C90F0943-A772-4E9D-A94E-E25A5062F18B}.Ad-Hoc|x86.ActiveCfg = Debug|iPhoneSimulator
		{C90F0943-A772-4E9D-A94E-E25A5062F18B}.Ad-Hoc|x86.Build.0 = Debug|iPhoneSimulator
		{C90F0943-A772-4E9D-A94E-E25A5062F18B}.AppStore|Any CPU.ActiveCfg = Debug|iPhoneSimulator
		{C90F0943-A772-4E9D-A94E-E25A5062F18B}.AppStore|Any CPU.Build.0 = Debug|iPhoneSimulator
		{C90F0943-A772-4E9D-A94E-E25A5062F18B}.AppStore|ARM.ActiveCfg = Debug|iPhoneSimulator
		{C90F0943-A772-4E9D-A94E-E25A5062F18B}.AppStore|ARM.Build.0 = Debug|iPhoneSimulator
		{C90F0943-A772-4E9D-A94E-E25A5062F18B}.AppStore|ARM64.ActiveCfg = Debug|iPhoneSimulator
		{C90F0943-A772-4E9D-A94E-E25A5062F18B}.AppStore|ARM64.Build.0 = Debug|iPhoneSimulator
		{C90F0943-A772-4E9D-A94E-E25A5062F18B}.AppStore|iPhone.ActiveCfg = Debug|iPhoneSimulator
		{C90F0943-A772-4E9D-A94E-E25A5062F18B}.AppStore|iPhone.Build.0 = Debug|iPhoneSimulator
		{C90F0943-A772-4E9D-A94E-E25A5062F18B}.AppStore|iPhoneSimulator.ActiveCfg = Debug|iPhoneSimulator
		{C90F0943-A772-4E9D-A94E-E25A5062F18B}.AppStore|iPhoneSimulator.Build.0 = Debug|iPhoneSimulator
		{C90F0943-A772-4E9D-A94E-E25A5062F18B}.AppStore|x64.ActiveCfg = Debug|iPhoneSimulator
		{C90F0943-A772-4E9D-A94E-E25A5062F18B}.AppStore|x64.Build.0 = Debug|iPhoneSimulator
		{C90F0943-A772-4E9D-A94E-E25A5062F18B}.AppStore|x86.ActiveCfg = Debug|iPhoneSimulator
		{C90F0943-A772-4E9D-A94E-E25A5062F18B}.AppStore|x86.Build.0 = Debug|iPhoneSimulator
		{C90F0943-A772-4E9D-A94E-E25A5062F18B}.Debug|Any CPU.ActiveCfg = Debug|iPhoneSimulator
		{C90F0943-A772-4E9D-A94E-E25A5062F18B}.Debug|ARM.ActiveCfg = Debug|iPhoneSimulator
		{C90F0943-A772-4E9D-A94E-E25A5062F18B}.Debug|ARM64.ActiveCfg = Debug|iPhoneSimulator
		{C90F0943-A772-4E9D-A94E-E25A5062F18B}.Debug|iPhone.ActiveCfg = Debug|iPhoneSimulator
		{C90F0943-A772-4E9D-A94E-E25A5062F18B}.Debug|iPhoneSimulator.ActiveCfg = Debug|iPhoneSimulator
		{C90F0943-A772-4E9D-A94E-E25A5062F18B}.Debug|iPhoneSimulator.Build.0 = Debug|iPhoneSimulator
		{C90F0943-A772-4E9D-A94E-E25A5062F18B}.Debug|x64.ActiveCfg = Debug|iPhoneSimulator
		{C90F0943-A772-4E9D-A94E-E25A5062F18B}.Debug|x86.ActiveCfg = Debug|iPhoneSimulator
		{C90F0943-A772-4E9D-A94E-E25A5062F18B}.Release|Any CPU.ActiveCfg = Release|iPhoneSimulator
		{C90F0943-A772-4E9D-A94E-E25A5062F18B}.Release|ARM.ActiveCfg = Release|iPhoneSimulator
		{C90F0943-A772-4E9D-A94E-E25A5062F18B}.Release|ARM64.ActiveCfg = Release|iPhoneSimulator
		{C90F0943-A772-4E9D-A94E-E25A5062F18B}.Release|iPhone.ActiveCfg = Release|iPhoneSimulator
		{C90F0943-A772-4E9D-A94E-E25A5062F18B}.Release|iPhoneSimulator.ActiveCfg = Release|iPhoneSimulator
		{C90F0943-A772-4E9D-A94E-E25A5062F18B}.Release|iPhoneSimulator.Build.0 = Release|iPhoneSimulator
		{C90F0943-A772-4E9D-A94E-E25A5062F18B}.Release|x64.ActiveCfg = Release|iPhoneSimulator
		{C90F0943-A772-4E9D-A94E-E25A5062F18B}.Release|x86.ActiveCfg = Release|iPhoneSimulator
		{1EB42811-A5C0-41FE-BA10-1FCAFF6ECC71}.Ad-Hoc|Any CPU.ActiveCfg = Debug|Any CPU
		{1EB42811-A5C0-41FE-BA10-1FCAFF6ECC71}.Ad-Hoc|Any CPU.Build.0 = Debug|Any CPU
		{1EB42811-A5C0-41FE-BA10-1FCAFF6ECC71}.Ad-Hoc|ARM.ActiveCfg = Debug|Any CPU
		{1EB42811-A5C0-41FE-BA10-1FCAFF6ECC71}.Ad-Hoc|ARM.Build.0 = Debug|Any CPU
		{1EB42811-A5C0-41FE-BA10-1FCAFF6ECC71}.Ad-Hoc|ARM64.ActiveCfg = Debug|Any CPU
		{1EB42811-A5C0-41FE-BA10-1FCAFF6ECC71}.Ad-Hoc|ARM64.Build.0 = Debug|Any CPU
		{1EB42811-A5C0-41FE-BA10-1FCAFF6ECC71}.Ad-Hoc|iPhone.ActiveCfg = Debug|Any CPU
		{1EB42811-A5C0-41FE-BA10-1FCAFF6ECC71}.Ad-Hoc|iPhone.Build.0 = Debug|Any CPU
		{1EB42811-A5C0-41FE-BA10-1FCAFF6ECC71}.Ad-Hoc|iPhoneSimulator.ActiveCfg = Debug|Any CPU
		{1EB42811-A5C0-41FE-BA10-1FCAFF6ECC71}.Ad-Hoc|iPhoneSimulator.Build.0 = Debug|Any CPU
		{1EB42811-A5C0-41FE-BA10-1FCAFF6ECC71}.Ad-Hoc|x64.ActiveCfg = Debug|Any CPU
		{1EB42811-A5C0-41FE-BA10-1FCAFF6ECC71}.Ad-Hoc|x64.Build.0 = Debug|Any CPU
		{1EB42811-A5C0-41FE-BA10-1FCAFF6ECC71}.Ad-Hoc|x86.ActiveCfg = Debug|Any CPU
		{1EB42811-A5C0-41FE-BA10-1FCAFF6ECC71}.Ad-Hoc|x86.Build.0 = Debug|Any CPU
		{1EB42811-A5C0-41FE-BA10-1FCAFF6ECC71}.AppStore|Any CPU.ActiveCfg = Debug|Any CPU
		{1EB42811-A5C0-41FE-BA10-1FCAFF6ECC71}.AppStore|Any CPU.Build.0 = Debug|Any CPU
		{1EB42811-A5C0-41FE-BA10-1FCAFF6ECC71}.AppStore|ARM.ActiveCfg = Debug|Any CPU
		{1EB42811-A5C0-41FE-BA10-1FCAFF6ECC71}.AppStore|ARM.Build.0 = Debug|Any CPU
		{1EB42811-A5C0-41FE-BA10-1FCAFF6ECC71}.AppStore|ARM64.ActiveCfg = Debug|Any CPU
		{1EB42811-A5C0-41FE-BA10-1FCAFF6ECC71}.AppStore|ARM64.Build.0 = Debug|Any CPU
		{1EB42811-A5C0-41FE-BA10-1FCAFF6ECC71}.AppStore|iPhone.ActiveCfg = Debug|Any CPU
		{1EB42811-A5C0-41FE-BA10-1FCAFF6ECC71}.AppStore|iPhone.Build.0 = Debug|Any CPU
		{1EB42811-A5C0-41FE-BA10-1FCAFF6ECC71}.AppStore|iPhoneSimulator.ActiveCfg = Debug|Any CPU
		{1EB42811-A5C0-41FE-BA10-1FCAFF6ECC71}.AppStore|iPhoneSimulator.Build.0 = Debug|Any CPU
		{1EB42811-A5C0-41FE-BA10-1FCAFF6ECC71}.AppStore|x64.ActiveCfg = Debug|Any CPU
		{1EB42811-A5C0-41FE-BA10-1FCAFF6ECC71}.AppStore|x64.Build.0 = Debug|Any CPU
		{1EB42811-A5C0-41FE-BA10-1FCAFF6ECC71}.AppStore|x86.ActiveCfg = Debug|Any CPU
		{1EB42811-A5C0-41FE-BA10-1FCAFF6ECC71}.AppStore|x86.Build.0 = Debug|Any CPU
		{1EB42811-A5C0-41FE-BA10-1FCAFF6ECC71}.Debug|Any CPU.ActiveCfg = Debug|Any CPU
		{1EB42811-A5C0-41FE-BA10-1FCAFF6ECC71}.Debug|Any CPU.Build.0 = Debug|Any CPU
		{1EB42811-A5C0-41FE-BA10-1FCAFF6ECC71}.Debug|ARM.ActiveCfg = Debug|Any CPU
		{1EB42811-A5C0-41FE-BA10-1FCAFF6ECC71}.Debug|ARM.Build.0 = Debug|Any CPU
		{1EB42811-A5C0-41FE-BA10-1FCAFF6ECC71}.Debug|ARM64.ActiveCfg = Debug|Any CPU
		{1EB42811-A5C0-41FE-BA10-1FCAFF6ECC71}.Debug|ARM64.Build.0 = Debug|Any CPU
		{1EB42811-A5C0-41FE-BA10-1FCAFF6ECC71}.Debug|iPhone.ActiveCfg = Debug|Any CPU
		{1EB42811-A5C0-41FE-BA10-1FCAFF6ECC71}.Debug|iPhone.Build.0 = Debug|Any CPU
		{1EB42811-A5C0-41FE-BA10-1FCAFF6ECC71}.Debug|iPhoneSimulator.ActiveCfg = Debug|Any CPU
		{1EB42811-A5C0-41FE-BA10-1FCAFF6ECC71}.Debug|iPhoneSimulator.Build.0 = Debug|Any CPU
		{1EB42811-A5C0-41FE-BA10-1FCAFF6ECC71}.Debug|x64.ActiveCfg = Debug|Any CPU
		{1EB42811-A5C0-41FE-BA10-1FCAFF6ECC71}.Debug|x64.Build.0 = Debug|Any CPU
		{1EB42811-A5C0-41FE-BA10-1FCAFF6ECC71}.Debug|x86.ActiveCfg = Debug|Any CPU
		{1EB42811-A5C0-41FE-BA10-1FCAFF6ECC71}.Debug|x86.Build.0 = Debug|Any CPU
		{1EB42811-A5C0-41FE-BA10-1FCAFF6ECC71}.Release|Any CPU.ActiveCfg = Release|Any CPU
		{1EB42811-A5C0-41FE-BA10-1FCAFF6ECC71}.Release|Any CPU.Build.0 = Release|Any CPU
		{1EB42811-A5C0-41FE-BA10-1FCAFF6ECC71}.Release|ARM.ActiveCfg = Release|Any CPU
		{1EB42811-A5C0-41FE-BA10-1FCAFF6ECC71}.Release|ARM.Build.0 = Release|Any CPU
		{1EB42811-A5C0-41FE-BA10-1FCAFF6ECC71}.Release|ARM64.ActiveCfg = Release|Any CPU
		{1EB42811-A5C0-41FE-BA10-1FCAFF6ECC71}.Release|ARM64.Build.0 = Release|Any CPU
		{1EB42811-A5C0-41FE-BA10-1FCAFF6ECC71}.Release|iPhone.ActiveCfg = Release|Any CPU
		{1EB42811-A5C0-41FE-BA10-1FCAFF6ECC71}.Release|iPhone.Build.0 = Release|Any CPU
		{1EB42811-A5C0-41FE-BA10-1FCAFF6ECC71}.Release|iPhoneSimulator.ActiveCfg = Release|Any CPU
		{1EB42811-A5C0-41FE-BA10-1FCAFF6ECC71}.Release|iPhoneSimulator.Build.0 = Release|Any CPU
		{1EB42811-A5C0-41FE-BA10-1FCAFF6ECC71}.Release|x64.ActiveCfg = Release|Any CPU
		{1EB42811-A5C0-41FE-BA10-1FCAFF6ECC71}.Release|x64.Build.0 = Release|Any CPU
		{1EB42811-A5C0-41FE-BA10-1FCAFF6ECC71}.Release|x86.ActiveCfg = Release|Any CPU
		{1EB42811-A5C0-41FE-BA10-1FCAFF6ECC71}.Release|x86.Build.0 = Release|Any CPU
		{89F85FAB-B522-4FAA-8076-82277B081045}.Ad-Hoc|Any CPU.ActiveCfg = Debug|Any CPU
		{89F85FAB-B522-4FAA-8076-82277B081045}.Ad-Hoc|Any CPU.Build.0 = Debug|Any CPU
		{89F85FAB-B522-4FAA-8076-82277B081045}.Ad-Hoc|ARM.ActiveCfg = Debug|Any CPU
		{89F85FAB-B522-4FAA-8076-82277B081045}.Ad-Hoc|ARM.Build.0 = Debug|Any CPU
		{89F85FAB-B522-4FAA-8076-82277B081045}.Ad-Hoc|ARM64.ActiveCfg = Debug|Any CPU
		{89F85FAB-B522-4FAA-8076-82277B081045}.Ad-Hoc|ARM64.Build.0 = Debug|Any CPU
		{89F85FAB-B522-4FAA-8076-82277B081045}.Ad-Hoc|iPhone.ActiveCfg = Debug|Any CPU
		{89F85FAB-B522-4FAA-8076-82277B081045}.Ad-Hoc|iPhone.Build.0 = Debug|Any CPU
		{89F85FAB-B522-4FAA-8076-82277B081045}.Ad-Hoc|iPhoneSimulator.ActiveCfg = Debug|Any CPU
		{89F85FAB-B522-4FAA-8076-82277B081045}.Ad-Hoc|iPhoneSimulator.Build.0 = Debug|Any CPU
		{89F85FAB-B522-4FAA-8076-82277B081045}.Ad-Hoc|x64.ActiveCfg = Debug|Any CPU
		{89F85FAB-B522-4FAA-8076-82277B081045}.Ad-Hoc|x64.Build.0 = Debug|Any CPU
		{89F85FAB-B522-4FAA-8076-82277B081045}.Ad-Hoc|x86.ActiveCfg = Debug|Any CPU
		{89F85FAB-B522-4FAA-8076-82277B081045}.Ad-Hoc|x86.Build.0 = Debug|Any CPU
		{89F85FAB-B522-4FAA-8076-82277B081045}.AppStore|Any CPU.ActiveCfg = Debug|Any CPU
		{89F85FAB-B522-4FAA-8076-82277B081045}.AppStore|Any CPU.Build.0 = Debug|Any CPU
		{89F85FAB-B522-4FAA-8076-82277B081045}.AppStore|ARM.ActiveCfg = Debug|Any CPU
		{89F85FAB-B522-4FAA-8076-82277B081045}.AppStore|ARM.Build.0 = Debug|Any CPU
		{89F85FAB-B522-4FAA-8076-82277B081045}.AppStore|ARM64.ActiveCfg = Debug|Any CPU
		{89F85FAB-B522-4FAA-8076-82277B081045}.AppStore|ARM64.Build.0 = Debug|Any CPU
		{89F85FAB-B522-4FAA-8076-82277B081045}.AppStore|iPhone.ActiveCfg = Debug|Any CPU
		{89F85FAB-B522-4FAA-8076-82277B081045}.AppStore|iPhone.Build.0 = Debug|Any CPU
		{89F85FAB-B522-4FAA-8076-82277B081045}.AppStore|iPhoneSimulator.ActiveCfg = Debug|Any CPU
		{89F85FAB-B522-4FAA-8076-82277B081045}.AppStore|iPhoneSimulator.Build.0 = Debug|Any CPU
		{89F85FAB-B522-4FAA-8076-82277B081045}.AppStore|x64.ActiveCfg = Debug|Any CPU
		{89F85FAB-B522-4FAA-8076-82277B081045}.AppStore|x64.Build.0 = Debug|Any CPU
		{89F85FAB-B522-4FAA-8076-82277B081045}.AppStore|x86.ActiveCfg = Debug|Any CPU
		{89F85FAB-B522-4FAA-8076-82277B081045}.AppStore|x86.Build.0 = Debug|Any CPU
		{89F85FAB-B522-4FAA-8076-82277B081045}.Debug|Any CPU.ActiveCfg = Debug|Any CPU
		{89F85FAB-B522-4FAA-8076-82277B081045}.Debug|Any CPU.Build.0 = Debug|Any CPU
		{89F85FAB-B522-4FAA-8076-82277B081045}.Debug|ARM.ActiveCfg = Debug|Any CPU
		{89F85FAB-B522-4FAA-8076-82277B081045}.Debug|ARM.Build.0 = Debug|Any CPU
		{89F85FAB-B522-4FAA-8076-82277B081045}.Debug|ARM64.ActiveCfg = Debug|Any CPU
		{89F85FAB-B522-4FAA-8076-82277B081045}.Debug|ARM64.Build.0 = Debug|Any CPU
		{89F85FAB-B522-4FAA-8076-82277B081045}.Debug|iPhone.ActiveCfg = Debug|Any CPU
		{89F85FAB-B522-4FAA-8076-82277B081045}.Debug|iPhone.Build.0 = Debug|Any CPU
		{89F85FAB-B522-4FAA-8076-82277B081045}.Debug|iPhoneSimulator.ActiveCfg = Debug|Any CPU
		{89F85FAB-B522-4FAA-8076-82277B081045}.Debug|iPhoneSimulator.Build.0 = Debug|Any CPU
		{89F85FAB-B522-4FAA-8076-82277B081045}.Debug|x64.ActiveCfg = Debug|Any CPU
		{89F85FAB-B522-4FAA-8076-82277B081045}.Debug|x64.Build.0 = Debug|Any CPU
		{89F85FAB-B522-4FAA-8076-82277B081045}.Debug|x86.ActiveCfg = Debug|Any CPU
		{89F85FAB-B522-4FAA-8076-82277B081045}.Debug|x86.Build.0 = Debug|Any CPU
		{89F85FAB-B522-4FAA-8076-82277B081045}.Release|Any CPU.ActiveCfg = Release|Any CPU
		{89F85FAB-B522-4FAA-8076-82277B081045}.Release|Any CPU.Build.0 = Release|Any CPU
		{89F85FAB-B522-4FAA-8076-82277B081045}.Release|ARM.ActiveCfg = Release|Any CPU
		{89F85FAB-B522-4FAA-8076-82277B081045}.Release|ARM.Build.0 = Release|Any CPU
		{89F85FAB-B522-4FAA-8076-82277B081045}.Release|ARM64.ActiveCfg = Release|Any CPU
		{89F85FAB-B522-4FAA-8076-82277B081045}.Release|ARM64.Build.0 = Release|Any CPU
		{89F85FAB-B522-4FAA-8076-82277B081045}.Release|iPhone.ActiveCfg = Release|Any CPU
		{89F85FAB-B522-4FAA-8076-82277B081045}.Release|iPhone.Build.0 = Release|Any CPU
		{89F85FAB-B522-4FAA-8076-82277B081045}.Release|iPhoneSimulator.ActiveCfg = Release|Any CPU
		{89F85FAB-B522-4FAA-8076-82277B081045}.Release|iPhoneSimulator.Build.0 = Release|Any CPU
		{89F85FAB-B522-4FAA-8076-82277B081045}.Release|x64.ActiveCfg = Release|Any CPU
		{89F85FAB-B522-4FAA-8076-82277B081045}.Release|x64.Build.0 = Release|Any CPU
		{89F85FAB-B522-4FAA-8076-82277B081045}.Release|x86.ActiveCfg = Release|Any CPU
		{89F85FAB-B522-4FAA-8076-82277B081045}.Release|x86.Build.0 = Release|Any CPU
		{C95E784C-FC91-4DA0-B567-8ADE803BC62A}.Ad-Hoc|Any CPU.ActiveCfg = Debug|Any CPU
		{C95E784C-FC91-4DA0-B567-8ADE803BC62A}.Ad-Hoc|Any CPU.Build.0 = Debug|Any CPU
		{C95E784C-FC91-4DA0-B567-8ADE803BC62A}.Ad-Hoc|ARM.ActiveCfg = Debug|Any CPU
		{C95E784C-FC91-4DA0-B567-8ADE803BC62A}.Ad-Hoc|ARM.Build.0 = Debug|Any CPU
		{C95E784C-FC91-4DA0-B567-8ADE803BC62A}.Ad-Hoc|ARM64.ActiveCfg = Debug|Any CPU
		{C95E784C-FC91-4DA0-B567-8ADE803BC62A}.Ad-Hoc|ARM64.Build.0 = Debug|Any CPU
		{C95E784C-FC91-4DA0-B567-8ADE803BC62A}.Ad-Hoc|iPhone.ActiveCfg = Debug|Any CPU
		{C95E784C-FC91-4DA0-B567-8ADE803BC62A}.Ad-Hoc|iPhone.Build.0 = Debug|Any CPU
		{C95E784C-FC91-4DA0-B567-8ADE803BC62A}.Ad-Hoc|iPhoneSimulator.ActiveCfg = Debug|Any CPU
		{C95E784C-FC91-4DA0-B567-8ADE803BC62A}.Ad-Hoc|iPhoneSimulator.Build.0 = Debug|Any CPU
		{C95E784C-FC91-4DA0-B567-8ADE803BC62A}.Ad-Hoc|x64.ActiveCfg = Debug|Any CPU
		{C95E784C-FC91-4DA0-B567-8ADE803BC62A}.Ad-Hoc|x64.Build.0 = Debug|Any CPU
		{C95E784C-FC91-4DA0-B567-8ADE803BC62A}.Ad-Hoc|x86.ActiveCfg = Debug|Any CPU
		{C95E784C-FC91-4DA0-B567-8ADE803BC62A}.Ad-Hoc|x86.Build.0 = Debug|Any CPU
		{C95E784C-FC91-4DA0-B567-8ADE803BC62A}.AppStore|Any CPU.ActiveCfg = Debug|Any CPU
		{C95E784C-FC91-4DA0-B567-8ADE803BC62A}.AppStore|Any CPU.Build.0 = Debug|Any CPU
		{C95E784C-FC91-4DA0-B567-8ADE803BC62A}.AppStore|ARM.ActiveCfg = Debug|Any CPU
		{C95E784C-FC91-4DA0-B567-8ADE803BC62A}.AppStore|ARM.Build.0 = Debug|Any CPU
		{C95E784C-FC91-4DA0-B567-8ADE803BC62A}.AppStore|ARM64.ActiveCfg = Debug|Any CPU
		{C95E784C-FC91-4DA0-B567-8ADE803BC62A}.AppStore|ARM64.Build.0 = Debug|Any CPU
		{C95E784C-FC91-4DA0-B567-8ADE803BC62A}.AppStore|iPhone.ActiveCfg = Debug|Any CPU
		{C95E784C-FC91-4DA0-B567-8ADE803BC62A}.AppStore|iPhone.Build.0 = Debug|Any CPU
		{C95E784C-FC91-4DA0-B567-8ADE803BC62A}.AppStore|iPhoneSimulator.ActiveCfg = Debug|Any CPU
		{C95E784C-FC91-4DA0-B567-8ADE803BC62A}.AppStore|iPhoneSimulator.Build.0 = Debug|Any CPU
		{C95E784C-FC91-4DA0-B567-8ADE803BC62A}.AppStore|x64.ActiveCfg = Debug|Any CPU
		{C95E784C-FC91-4DA0-B567-8ADE803BC62A}.AppStore|x64.Build.0 = Debug|Any CPU
		{C95E784C-FC91-4DA0-B567-8ADE803BC62A}.AppStore|x86.ActiveCfg = Debug|Any CPU
		{C95E784C-FC91-4DA0-B567-8ADE803BC62A}.AppStore|x86.Build.0 = Debug|Any CPU
		{C95E784C-FC91-4DA0-B567-8ADE803BC62A}.Debug|Any CPU.ActiveCfg = Debug|Any CPU
		{C95E784C-FC91-4DA0-B567-8ADE803BC62A}.Debug|Any CPU.Build.0 = Debug|Any CPU
		{C95E784C-FC91-4DA0-B567-8ADE803BC62A}.Debug|ARM.ActiveCfg = Debug|Any CPU
		{C95E784C-FC91-4DA0-B567-8ADE803BC62A}.Debug|ARM.Build.0 = Debug|Any CPU
		{C95E784C-FC91-4DA0-B567-8ADE803BC62A}.Debug|ARM64.ActiveCfg = Debug|Any CPU
		{C95E784C-FC91-4DA0-B567-8ADE803BC62A}.Debug|ARM64.Build.0 = Debug|Any CPU
		{C95E784C-FC91-4DA0-B567-8ADE803BC62A}.Debug|iPhone.ActiveCfg = Debug|Any CPU
		{C95E784C-FC91-4DA0-B567-8ADE803BC62A}.Debug|iPhone.Build.0 = Debug|Any CPU
		{C95E784C-FC91-4DA0-B567-8ADE803BC62A}.Debug|iPhoneSimulator.ActiveCfg = Debug|Any CPU
		{C95E784C-FC91-4DA0-B567-8ADE803BC62A}.Debug|iPhoneSimulator.Build.0 = Debug|Any CPU
		{C95E784C-FC91-4DA0-B567-8ADE803BC62A}.Debug|x64.ActiveCfg = Debug|Any CPU
		{C95E784C-FC91-4DA0-B567-8ADE803BC62A}.Debug|x64.Build.0 = Debug|Any CPU
		{C95E784C-FC91-4DA0-B567-8ADE803BC62A}.Debug|x86.ActiveCfg = Debug|Any CPU
		{C95E784C-FC91-4DA0-B567-8ADE803BC62A}.Debug|x86.Build.0 = Debug|Any CPU
		{C95E784C-FC91-4DA0-B567-8ADE803BC62A}.Release|Any CPU.ActiveCfg = Release|Any CPU
		{C95E784C-FC91-4DA0-B567-8ADE803BC62A}.Release|Any CPU.Build.0 = Release|Any CPU
		{C95E784C-FC91-4DA0-B567-8ADE803BC62A}.Release|ARM.ActiveCfg = Release|Any CPU
		{C95E784C-FC91-4DA0-B567-8ADE803BC62A}.Release|ARM.Build.0 = Release|Any CPU
		{C95E784C-FC91-4DA0-B567-8ADE803BC62A}.Release|ARM64.ActiveCfg = Release|Any CPU
		{C95E784C-FC91-4DA0-B567-8ADE803BC62A}.Release|ARM64.Build.0 = Release|Any CPU
		{C95E784C-FC91-4DA0-B567-8ADE803BC62A}.Release|iPhone.ActiveCfg = Release|Any CPU
		{C95E784C-FC91-4DA0-B567-8ADE803BC62A}.Release|iPhone.Build.0 = Release|Any CPU
		{C95E784C-FC91-4DA0-B567-8ADE803BC62A}.Release|iPhoneSimulator.ActiveCfg = Release|Any CPU
		{C95E784C-FC91-4DA0-B567-8ADE803BC62A}.Release|iPhoneSimulator.Build.0 = Release|Any CPU
		{C95E784C-FC91-4DA0-B567-8ADE803BC62A}.Release|x64.ActiveCfg = Release|Any CPU
		{C95E784C-FC91-4DA0-B567-8ADE803BC62A}.Release|x64.Build.0 = Release|Any CPU
		{C95E784C-FC91-4DA0-B567-8ADE803BC62A}.Release|x86.ActiveCfg = Release|Any CPU
		{C95E784C-FC91-4DA0-B567-8ADE803BC62A}.Release|x86.Build.0 = Release|Any CPU
	EndGlobalSection
	GlobalSection(SolutionProperties) = preSolution
		HideSolutionNode = FALSE
	EndGlobalSection
	GlobalSection(NestedProjects) = preSolution
		{2B95E096-25F5-4766-961C-A72F4906A7A5} = {0ADD213B-C7D5-4C16-9774-63F15F944EC5}
		{4D1C7929-C222-421D-8552-4D8E3E57BF1C} = {0ADD213B-C7D5-4C16-9774-63F15F944EC5}
		{C90F0943-A772-4E9D-A94E-E25A5062F18B} = {0ADD213B-C7D5-4C16-9774-63F15F944EC5}
		{1EB42811-A5C0-41FE-BA10-1FCAFF6ECC71} = {0ADD213B-C7D5-4C16-9774-63F15F944EC5}
		{89F85FAB-B522-4FAA-8076-82277B081045} = {0ADD213B-C7D5-4C16-9774-63F15F944EC5}
		{C95E784C-FC91-4DA0-B567-8ADE803BC62A} = {0ADD213B-C7D5-4C16-9774-63F15F944EC5}
	EndGlobalSection
	GlobalSection(ExtensibilityGlobals) = postSolution
		SolutionGuid = {AAC1DBB9-1F60-4C8F-9C30-C09D84A6A57D}
	EndGlobalSection
EndGlobal
